
Microsoft Visual Studio Solution File, Format Version 12.00
# Visual Studio Version 16
VisualStudioVersion = 16.0.30503.244
MinimumVisualStudioVersion = 10.0.40219.1
Project("{9A19103F-16F7-4668-BE54-9A1E7A4F7556}") = "Test.WebSite", "Test.WebSite\Test.WebSite.csproj", "{EB45212F-BFDF-4661-B0A4-47DAEBC45328}"
EndProject
Global
	GlobalSection(SolutionConfigurationPlatforms) = preSolution
		Debug|Any CPU = Debug|Any CPU
		Release|Any CPU = Release|Any CPU
	EndGlobalSection
	GlobalSection(ProjectConfigurationPlatforms) = postSolution
		{EB45212F-BFDF-4661-B0A4-47DAEBC45328}.Debug|Any CPU.ActiveCfg = Debug|Any CPU
		{EB45212F-BFDF-4661-B0A4-47DAEBC45328}.Debug|Any CPU.Build.0 = Debug|Any CPU
		{EB45212F-BFDF-4661-B0A4-47DAEBC45328}.Release|Any CPU.ActiveCfg = Release|Any CPU
		{EB45212F-BFDF-4661-B0A4-47DAEBC45328}.Release|Any CPU.Build.0 = Release|Any CPU
	EndGlobalSection
	GlobalSection(SolutionProperties) = preSolution
		HideSolutionNode = FALSE
	EndGlobalSection
	GlobalSection(ExtensibilityGlobals) = postSolution
		SolutionGuid = {007AE7A3-5777-448B-B8BB-082DA5F98967}
	EndGlobalSection
EndGlobal
